// !$*UTF8*$!
{
	archiveVersion = 1;
	classes = {
	};
	objectVersion = 50;
	objects = {

/* Begin PBXBuildFile section */
		FC17F85E24C1845300E71058 /* single_hi_file_named_toto_no_xattr.tar in Resources */ = {isa = PBXBuildFile; fileRef = FC17F85D24C1845300E71058 /* single_hi_file_named_toto_no_xattr.tar */; };
		FC17F86024C1906E00E71058 /* two_hi_file_named_toto_tata_no_xattr.tar in Resources */ = {isa = PBXBuildFile; fileRef = FC17F85F24C1906E00E71058 /* two_hi_file_named_toto_tata_no_xattr.tar */; };
		FC17F86224C191E400E71058 /* Tar.swift in Sources */ = {isa = PBXBuildFile; fileRef = FC17F86124C191E400E71058 /* Tar.swift */; };
		FC17F86424C1975700E71058 /* empty_file.tar in Resources */ = {isa = PBXBuildFile; fileRef = FC17F86324C1975700E71058 /* empty_file.tar */; };
		FC17F86624C1989200E71058 /* garbage_file.tar in Resources */ = {isa = PBXBuildFile; fileRef = FC17F86524C1989200E71058 /* garbage_file.tar */; };
		FC17F86924C19A5900E71058 /* long_garbage_file.tar in Resources */ = {isa = PBXBuildFile; fileRef = FC17F86824C19A5900E71058 /* long_garbage_file.tar */; };
		FC17F86B24C19CEB00E71058 /* hi_file_in_toto_directory_no_xattr.tar in Resources */ = {isa = PBXBuildFile; fileRef = FC17F86A24C19CEB00E71058 /* hi_file_in_toto_directory_no_xattr.tar */; };
		FC17F86D24C1A0EC00E71058 /* emoji.tar in Resources */ = {isa = PBXBuildFile; fileRef = FC17F86C24C1A0EC00E71058 /* emoji.tar */; };
		FC17F86F24C1A20800E71058 /* long_names.tar in Resources */ = {isa = PBXBuildFile; fileRef = FC17F86E24C1A20800E71058 /* long_names.tar */; };
		FC17F87124C1A86500E71058 /* big_files.tar in Resources */ = {isa = PBXBuildFile; fileRef = FC17F87024C1A86500E71058 /* big_files.tar */; };
		FC1BEE8C24BFFE10009D5347 /* Tarte.framework in Frameworks */ = {isa = PBXBuildFile; fileRef = FC1BEE8224BFFE10009D5347 /* Tarte.framework */; };
		FC1BEE9124BFFE10009D5347 /* TarteTests.swift in Sources */ = {isa = PBXBuildFile; fileRef = FC1BEE9024BFFE10009D5347 /* TarteTests.swift */; };
		FC1BEE9324BFFE10009D5347 /* Tarte.h in Headers */ = {isa = PBXBuildFile; fileRef = FC1BEE8524BFFE10009D5347 /* Tarte.h */; settings = {ATTRIBUTES = (Public, ); }; };
		FC1BEE9D24BFFFFB009D5347 /* Tarte.swift in Sources */ = {isa = PBXBuildFile; fileRef = FC1BEE9C24BFFFFB009D5347 /* Tarte.swift */; };
		FC1BEEA224C019D3009D5347 /* single_0_bit_file_named_toto_no_xattr.tar in Resources */ = {isa = PBXBuildFile; fileRef = FC1BEEA124C019D3009D5347 /* single_0_bit_file_named_toto_no_xattr.tar */; };
		FC26736E24C5833C0073E4A3 /* large_files.tar in Resources */ = {isa = PBXBuildFile; fileRef = FC26736D24C5833C0073E4A3 /* large_files.tar */; };
/* End PBXBuildFile section */

/* Begin PBXContainerItemProxy section */
		FC1BEE8D24BFFE10009D5347 /* PBXContainerItemProxy */ = {
			isa = PBXContainerItemProxy;
			containerPortal = FC1BEE7924BFFE10009D5347 /* Project object */;
			proxyType = 1;
			remoteGlobalIDString = FC1BEE8124BFFE10009D5347;
			remoteInfo = Tarte;
		};
/* End PBXContainerItemProxy section */

/* Begin PBXFileReference section */
		FC17F85D24C1845300E71058 /* single_hi_file_named_toto_no_xattr.tar */ = {isa = PBXFileReference; lastKnownFileType = archive.tar; path = single_hi_file_named_toto_no_xattr.tar; sourceTree = "<group>"; };
		FC17F85F24C1906E00E71058 /* two_hi_file_named_toto_tata_no_xattr.tar */ = {isa = PBXFileReference; lastKnownFileType = archive.tar; path = two_hi_file_named_toto_tata_no_xattr.tar; sourceTree = "<group>"; };
		FC17F86124C191E400E71058 /* Tar.swift */ = {isa = PBXFileReference; lastKnownFileType = sourcecode.swift; path = Tar.swift; sourceTree = "<group>"; };
		FC17F86324C1975700E71058 /* empty_file.tar */ = {isa = PBXFileReference; lastKnownFileType = archive.tar; path = empty_file.tar; sourceTree = "<group>"; };
		FC17F86524C1989200E71058 /* garbage_file.tar */ = {isa = PBXFileReference; lastKnownFileType = archive.tar; path = garbage_file.tar; sourceTree = "<group>"; };
		FC17F86824C19A5900E71058 /* long_garbage_file.tar */ = {isa = PBXFileReference; lastKnownFileType = archive.tar; path = long_garbage_file.tar; sourceTree = "<group>"; };
		FC17F86A24C19CEB00E71058 /* hi_file_in_toto_directory_no_xattr.tar */ = {isa = PBXFileReference; lastKnownFileType = archive.tar; path = hi_file_in_toto_directory_no_xattr.tar; sourceTree = "<group>"; };
		FC17F86C24C1A0EC00E71058 /* emoji.tar */ = {isa = PBXFileReference; lastKnownFileType = archive.tar; path = emoji.tar; sourceTree = "<group>"; };
		FC17F86E24C1A20800E71058 /* long_names.tar */ = {isa = PBXFileReference; lastKnownFileType = archive.tar; path = long_names.tar; sourceTree = "<group>"; };
		FC17F87024C1A86500E71058 /* big_files.tar */ = {isa = PBXFileReference; lastKnownFileType = archive.tar; path = big_files.tar; sourceTree = "<group>"; };
		FC17F87224C1AA6D00E71058 /* README.md */ = {isa = PBXFileReference; lastKnownFileType = net.daringfireball.markdown; path = README.md; sourceTree = "<group>"; };
		FC1BEE8224BFFE10009D5347 /* Tarte.framework */ = {isa = PBXFileReference; explicitFileType = wrapper.framework; includeInIndex = 0; path = Tarte.framework; sourceTree = BUILT_PRODUCTS_DIR; };
		FC1BEE8524BFFE10009D5347 /* Tarte.h */ = {isa = PBXFileReference; lastKnownFileType = sourcecode.c.h; path = Tarte.h; sourceTree = "<group>"; };
		FC1BEE8624BFFE10009D5347 /* Info.plist */ = {isa = PBXFileReference; lastKnownFileType = text.plist.xml; path = Info.plist; sourceTree = "<group>"; };
		FC1BEE8B24BFFE10009D5347 /* TarteTests.xctest */ = {isa = PBXFileReference; explicitFileType = wrapper.cfbundle; includeInIndex = 0; path = TarteTests.xctest; sourceTree = BUILT_PRODUCTS_DIR; };
		FC1BEE9024BFFE10009D5347 /* TarteTests.swift */ = {isa = PBXFileReference; lastKnownFileType = sourcecode.swift; path = TarteTests.swift; sourceTree = "<group>"; };
		FC1BEE9224BFFE10009D5347 /* Info.plist */ = {isa = PBXFileReference; lastKnownFileType = text.plist.xml; path = Info.plist; sourceTree = "<group>"; };
		FC1BEE9C24BFFFFB009D5347 /* Tarte.swift */ = {isa = PBXFileReference; lastKnownFileType = sourcecode.swift; path = Tarte.swift; sourceTree = "<group>"; };
		FC1BEEA124C019D3009D5347 /* single_0_bit_file_named_toto_no_xattr.tar */ = {isa = PBXFileReference; lastKnownFileType = archive.tar; path = single_0_bit_file_named_toto_no_xattr.tar; sourceTree = "<group>"; };
		FC26736D24C5833C0073E4A3 /* large_files.tar */ = {isa = PBXFileReference; lastKnownFileType = archive.tar; path = large_files.tar; sourceTree = "<group>"; };
/* End PBXFileReference section */

/* Begin PBXFrameworksBuildPhase section */
		FC1BEE7F24BFFE10009D5347 /* Frameworks */ = {
			isa = PBXFrameworksBuildPhase;
			buildActionMask = 2147483647;
			files = (
			);
			runOnlyForDeploymentPostprocessing = 0;
		};
		FC1BEE8824BFFE10009D5347 /* Frameworks */ = {
			isa = PBXFrameworksBuildPhase;
			buildActionMask = 2147483647;
			files = (
				FC1BEE8C24BFFE10009D5347 /* Tarte.framework in Frameworks */,
			);
			runOnlyForDeploymentPostprocessing = 0;
		};
/* End PBXFrameworksBuildPhase section */

/* Begin PBXGroup section */
		FC1BEE7824BFFE10009D5347 = {
			isa = PBXGroup;
			children = (
				FC17F87224C1AA6D00E71058 /* README.md */,
				FC1BEE8424BFFE10009D5347 /* Tarte */,
				FC1BEE8F24BFFE10009D5347 /* TarteTests */,
				FC1BEE8324BFFE10009D5347 /* Products */,
			);
			sourceTree = "<group>";
		};
		FC1BEE8324BFFE10009D5347 /* Products */ = {
			isa = PBXGroup;
			children = (
				FC1BEE8224BFFE10009D5347 /* Tarte.framework */,
				FC1BEE8B24BFFE10009D5347 /* TarteTests.xctest */,
			);
			name = Products;
			sourceTree = "<group>";
		};
		FC1BEE8424BFFE10009D5347 /* Tarte */ = {
			isa = PBXGroup;
			children = (
				FC1BEE8524BFFE10009D5347 /* Tarte.h */,
				FC1BEE8624BFFE10009D5347 /* Info.plist */,
				FC1BEE9C24BFFFFB009D5347 /* Tarte.swift */,
				FC17F86124C191E400E71058 /* Tar.swift */,
			);
			path = Tarte;
			sourceTree = "<group>";
		};
		FC1BEE8F24BFFE10009D5347 /* TarteTests */ = {
			isa = PBXGroup;
			children = (
				FC1BEE9E24C01929009D5347 /* Ressources */,
				FC1BEE9024BFFE10009D5347 /* TarteTests.swift */,
				FC1BEE9224BFFE10009D5347 /* Info.plist */,
			);
			path = TarteTests;
			sourceTree = "<group>";
		};
		FC1BEE9E24C01929009D5347 /* Ressources */ = {
			isa = PBXGroup;
			children = (
				FC1BEEA124C019D3009D5347 /* single_0_bit_file_named_toto_no_xattr.tar */,
				FC17F86A24C19CEB00E71058 /* hi_file_in_toto_directory_no_xattr.tar */,
				FC17F85D24C1845300E71058 /* single_hi_file_named_toto_no_xattr.tar */,
				FC17F85F24C1906E00E71058 /* two_hi_file_named_toto_tata_no_xattr.tar */,
				FC17F86E24C1A20800E71058 /* long_names.tar */,
				FC26736D24C5833C0073E4A3 /* large_files.tar */,
				FC17F87024C1A86500E71058 /* big_files.tar */,
				FC17F86524C1989200E71058 /* garbage_file.tar */,
				FC17F86824C19A5900E71058 /* long_garbage_file.tar */,
				FC17F86C24C1A0EC00E71058 /* emoji.tar */,
				FC17F86324C1975700E71058 /* empty_file.tar */,
			);
			path = Ressources;
			sourceTree = "<group>";
		};
/* End PBXGroup section */

/* Begin PBXHeadersBuildPhase section */
		FC1BEE7D24BFFE10009D5347 /* Headers */ = {
			isa = PBXHeadersBuildPhase;
			buildActionMask = 2147483647;
			files = (
				FC1BEE9324BFFE10009D5347 /* Tarte.h in Headers */,
			);
			runOnlyForDeploymentPostprocessing = 0;
		};
/* End PBXHeadersBuildPhase section */

/* Begin PBXNativeTarget section */
		FC1BEE8124BFFE10009D5347 /* Tarte */ = {
			isa = PBXNativeTarget;
			buildConfigurationList = FC1BEE9624BFFE10009D5347 /* Build configuration list for PBXNativeTarget "Tarte" */;
			buildPhases = (
				FC1BEE7D24BFFE10009D5347 /* Headers */,
				FC1BEE7E24BFFE10009D5347 /* Sources */,
				FC1BEE7F24BFFE10009D5347 /* Frameworks */,
				FC1BEE8024BFFE10009D5347 /* Resources */,
			);
			buildRules = (
			);
			dependencies = (
			);
			name = Tarte;
			productName = Tarte;
			productReference = FC1BEE8224BFFE10009D5347 /* Tarte.framework */;
			productType = "com.apple.product-type.framework";
		};
		FC1BEE8A24BFFE10009D5347 /* TarteTests */ = {
			isa = PBXNativeTarget;
			buildConfigurationList = FC1BEE9924BFFE10009D5347 /* Build configuration list for PBXNativeTarget "TarteTests" */;
			buildPhases = (
				FC1BEE8724BFFE10009D5347 /* Sources */,
				FC1BEE8824BFFE10009D5347 /* Frameworks */,
				FC1BEE8924BFFE10009D5347 /* Resources */,
			);
			buildRules = (
			);
			dependencies = (
				FC1BEE8E24BFFE10009D5347 /* PBXTargetDependency */,
			);
			name = TarteTests;
			productName = TarteTests;
			productReference = FC1BEE8B24BFFE10009D5347 /* TarteTests.xctest */;
			productType = "com.apple.product-type.bundle.unit-test";
		};
/* End PBXNativeTarget section */

/* Begin PBXProject section */
		FC1BEE7924BFFE10009D5347 /* Project object */ = {
			isa = PBXProject;
			attributes = {
				LastSwiftUpdateCheck = 1150;
				LastUpgradeCheck = 1150;
				ORGANIZATIONNAME = ntnmrndn;
				TargetAttributes = {
					FC1BEE8124BFFE10009D5347 = {
						CreatedOnToolsVersion = 11.5;
						LastSwiftMigration = 1150;
					};
					FC1BEE8A24BFFE10009D5347 = {
						CreatedOnToolsVersion = 11.5;
					};
				};
			};
			buildConfigurationList = FC1BEE7C24BFFE10009D5347 /* Build configuration list for PBXProject "Tarte" */;
			compatibilityVersion = "Xcode 9.3";
			developmentRegion = en;
			hasScannedForEncodings = 0;
			knownRegions = (
				en,
				Base,
			);
			mainGroup = FC1BEE7824BFFE10009D5347;
			productRefGroup = FC1BEE8324BFFE10009D5347 /* Products */;
			projectDirPath = "";
			projectRoot = "";
			targets = (
				FC1BEE8124BFFE10009D5347 /* Tarte */,
				FC1BEE8A24BFFE10009D5347 /* TarteTests */,
			);
		};
/* End PBXProject section */

/* Begin PBXResourcesBuildPhase section */
		FC1BEE8024BFFE10009D5347 /* Resources */ = {
			isa = PBXResourcesBuildPhase;
			buildActionMask = 2147483647;
			files = (
			);
			runOnlyForDeploymentPostprocessing = 0;
		};
		FC1BEE8924BFFE10009D5347 /* Resources */ = {
			isa = PBXResourcesBuildPhase;
			buildActionMask = 2147483647;
			files = (
				FC1BEEA224C019D3009D5347 /* single_0_bit_file_named_toto_no_xattr.tar in Resources */,
				FC17F86424C1975700E71058 /* empty_file.tar in Resources */,
				FC17F86D24C1A0EC00E71058 /* emoji.tar in Resources */,
				FC17F86624C1989200E71058 /* garbage_file.tar in Resources */,
				FC17F86924C19A5900E71058 /* long_garbage_file.tar in Resources */,
				FC17F86B24C19CEB00E71058 /* hi_file_in_toto_directory_no_xattr.tar in Resources */,
				FC17F87124C1A86500E71058 /* big_files.tar in Resources */,
				FC17F86F24C1A20800E71058 /* long_names.tar in Resources */,
				FC26736E24C5833C0073E4A3 /* large_files.tar in Resources */,
				FC17F86024C1906E00E71058 /* two_hi_file_named_toto_tata_no_xattr.tar in Resources */,
				FC17F85E24C1845300E71058 /* single_hi_file_named_toto_no_xattr.tar in Resources */,
			);
			runOnlyForDeploymentPostprocessing = 0;
		};
/* End PBXResourcesBuildPhase section */

/* Begin PBXSourcesBuildPhase section */
		FC1BEE7E24BFFE10009D5347 /* Sources */ = {
			isa = PBXSourcesBuildPhase;
			buildActionMask = 2147483647;
			files = (
				FC1BEE9D24BFFFFB009D5347 /* Tarte.swift in Sources */,
				FC17F86224C191E400E71058 /* Tar.swift in Sources */,
			);
			runOnlyForDeploymentPostprocessing = 0;
		};
		FC1BEE8724BFFE10009D5347 /* Sources */ = {
			isa = PBXSourcesBuildPhase;
			buildActionMask = 2147483647;
			files = (
				FC1BEE9124BFFE10009D5347 /* TarteTests.swift in Sources */,
			);
			runOnlyForDeploymentPostprocessing = 0;
		};
/* End PBXSourcesBuildPhase section */

/* Begin PBXTargetDependency section */
		FC1BEE8E24BFFE10009D5347 /* PBXTargetDependency */ = {
			isa = PBXTargetDependency;
			target = FC1BEE8124BFFE10009D5347 /* Tarte */;
			targetProxy = FC1BEE8D24BFFE10009D5347 /* PBXContainerItemProxy */;
		};
/* End PBXTargetDependency section */

/* Begin XCBuildConfiguration section */
		FC1BEE9424BFFE10009D5347 /* Debug */ = {
			isa = XCBuildConfiguration;
			buildSettings = {
				ALWAYS_SEARCH_USER_PATHS = NO;
				CLANG_ANALYZER_NONNULL = YES;
				CLANG_ANALYZER_NUMBER_OBJECT_CONVERSION = YES_AGGRESSIVE;
				CLANG_CXX_LANGUAGE_STANDARD = "gnu++14";
				CLANG_CXX_LIBRARY = "libc++";
				CLANG_ENABLE_MODULES = YES;
				CLANG_ENABLE_OBJC_ARC = YES;
				CLANG_ENABLE_OBJC_WEAK = YES;
				CLANG_WARN_BLOCK_CAPTURE_AUTORELEASING = YES;
				CLANG_WARN_BOOL_CONVERSION = YES;
				CLANG_WARN_COMMA = YES;
				CLANG_WARN_CONSTANT_CONVERSION = YES;
				CLANG_WARN_DEPRECATED_OBJC_IMPLEMENTATIONS = YES;
				CLANG_WARN_DIRECT_OBJC_ISA_USAGE = YES_ERROR;
				CLANG_WARN_DOCUMENTATION_COMMENTS = YES;
				CLANG_WARN_EMPTY_BODY = YES;
				CLANG_WARN_ENUM_CONVERSION = YES;
				CLANG_WARN_INFINITE_RECURSION = YES;
				CLANG_WARN_INT_CONVERSION = YES;
				CLANG_WARN_NON_LITERAL_NULL_CONVERSION = YES;
				CLANG_WARN_OBJC_IMPLICIT_RETAIN_SELF = YES;
				CLANG_WARN_OBJC_LITERAL_CONVERSION = YES;
				CLANG_WARN_OBJC_ROOT_CLASS = YES_ERROR;
				CLANG_WARN_RANGE_LOOP_ANALYSIS = YES;
				CLANG_WARN_STRICT_PROTOTYPES = YES;
				CLANG_WARN_SUSPICIOUS_MOVE = YES;
				CLANG_WARN_UNGUARDED_AVAILABILITY = YES_AGGRESSIVE;
				CLANG_WARN_UNREACHABLE_CODE = YES;
				CLANG_WARN__DUPLICATE_METHOD_MATCH = YES;
				COPY_PHASE_STRIP = NO;
				CURRENT_PROJECT_VERSION = 1;
				DEBUG_INFORMATION_FORMAT = dwarf;
				ENABLE_STRICT_OBJC_MSGSEND = YES;
				ENABLE_TESTABILITY = YES;
				GCC_C_LANGUAGE_STANDARD = gnu11;
				GCC_DYNAMIC_NO_PIC = NO;
				GCC_NO_COMMON_BLOCKS = YES;
				GCC_OPTIMIZATION_LEVEL = 0;
				GCC_PREPROCESSOR_DEFINITIONS = (
					"DEBUG=1",
					"$(inherited)",
				);
				GCC_WARN_64_TO_32_BIT_CONVERSION = YES;
				GCC_WARN_ABOUT_RETURN_TYPE = YES_ERROR;
				GCC_WARN_UNDECLARED_SELECTOR = YES;
				GCC_WARN_UNINITIALIZED_AUTOS = YES_AGGRESSIVE;
				GCC_WARN_UNUSED_FUNCTION = YES;
				GCC_WARN_UNUSED_VARIABLE = YES;
				IPHONEOS_DEPLOYMENT_TARGET = 8.0;
				MACOSX_DEPLOYMENT_TARGET = 10.9;
				MTL_ENABLE_DEBUG_INFO = INCLUDE_SOURCE;
				MTL_FAST_MATH = YES;
				ONLY_ACTIVE_ARCH = YES;
				SDKROOT = iphoneos;
				SUPPORTED_PLATFORMS = "iphonesimulator iphoneos watchos watchsimulator macosx appletvsimulator appletvos";
				SWIFT_ACTIVE_COMPILATION_CONDITIONS = DEBUG;
				SWIFT_OPTIMIZATION_LEVEL = "-Onone";
				TARGETED_DEVICE_FAMILY = "1,2,3,4";
				TVOS_DEPLOYMENT_TARGET = 9.0;
				VERSIONING_SYSTEM = "apple-generic";
				VERSION_INFO_PREFIX = "";
				WATCHOS_DEPLOYMENT_TARGET = 2.0;
			};
			name = Debug;
		};
		FC1BEE9524BFFE10009D5347 /* Release */ = {
			isa = XCBuildConfiguration;
			buildSettings = {
				ALWAYS_SEARCH_USER_PATHS = NO;
				CLANG_ANALYZER_NONNULL = YES;
				CLANG_ANALYZER_NUMBER_OBJECT_CONVERSION = YES_AGGRESSIVE;
				CLANG_CXX_LANGUAGE_STANDARD = "gnu++14";
				CLANG_CXX_LIBRARY = "libc++";
				CLANG_ENABLE_MODULES = YES;
				CLANG_ENABLE_OBJC_ARC = YES;
				CLANG_ENABLE_OBJC_WEAK = YES;
				CLANG_WARN_BLOCK_CAPTURE_AUTORELEASING = YES;
				CLANG_WARN_BOOL_CONVERSION = YES;
				CLANG_WARN_COMMA = YES;
				CLANG_WARN_CONSTANT_CONVERSION = YES;
				CLANG_WARN_DEPRECATED_OBJC_IMPLEMENTATIONS = YES;
				CLANG_WARN_DIRECT_OBJC_ISA_USAGE = YES_ERROR;
				CLANG_WARN_DOCUMENTATION_COMMENTS = YES;
				CLANG_WARN_EMPTY_BODY = YES;
				CLANG_WARN_ENUM_CONVERSION = YES;
				CLANG_WARN_INFINITE_RECURSION = YES;
				CLANG_WARN_INT_CONVERSION = YES;
				CLANG_WARN_NON_LITERAL_NULL_CONVERSION = YES;
				CLANG_WARN_OBJC_IMPLICIT_RETAIN_SELF = YES;
				CLANG_WARN_OBJC_LITERAL_CONVERSION = YES;
				CLANG_WARN_OBJC_ROOT_CLASS = YES_ERROR;
				CLANG_WARN_RANGE_LOOP_ANALYSIS = YES;
				CLANG_WARN_STRICT_PROTOTYPES = YES;
				CLANG_WARN_SUSPICIOUS_MOVE = YES;
				CLANG_WARN_UNGUARDED_AVAILABILITY = YES_AGGRESSIVE;
				CLANG_WARN_UNREACHABLE_CODE = YES;
				CLANG_WARN__DUPLICATE_METHOD_MATCH = YES;
				COPY_PHASE_STRIP = NO;
				CURRENT_PROJECT_VERSION = 1;
				DEBUG_INFORMATION_FORMAT = "dwarf-with-dsym";
				ENABLE_NS_ASSERTIONS = NO;
				ENABLE_STRICT_OBJC_MSGSEND = YES;
				GCC_C_LANGUAGE_STANDARD = gnu11;
				GCC_NO_COMMON_BLOCKS = YES;
				GCC_WARN_64_TO_32_BIT_CONVERSION = YES;
				GCC_WARN_ABOUT_RETURN_TYPE = YES_ERROR;
				GCC_WARN_UNDECLARED_SELECTOR = YES;
				GCC_WARN_UNINITIALIZED_AUTOS = YES_AGGRESSIVE;
				GCC_WARN_UNUSED_FUNCTION = YES;
				GCC_WARN_UNUSED_VARIABLE = YES;
				IPHONEOS_DEPLOYMENT_TARGET = 8.0;
				MACOSX_DEPLOYMENT_TARGET = 10.9;
				MTL_ENABLE_DEBUG_INFO = NO;
				MTL_FAST_MATH = YES;
				SDKROOT = iphoneos;
				SUPPORTED_PLATFORMS = "iphonesimulator iphoneos watchos watchsimulator macosx appletvsimulator appletvos";
				SWIFT_COMPILATION_MODE = wholemodule;
				SWIFT_OPTIMIZATION_LEVEL = "-O";
				TARGETED_DEVICE_FAMILY = "1,2,3,4";
				TVOS_DEPLOYMENT_TARGET = 9.0;
				VALIDATE_PRODUCT = YES;
				VERSIONING_SYSTEM = "apple-generic";
				VERSION_INFO_PREFIX = "";
				WATCHOS_DEPLOYMENT_TARGET = 2.0;
			};
			name = Release;
		};
		FC1BEE9724BFFE10009D5347 /* Debug */ = {
			isa = XCBuildConfiguration;
			buildSettings = {
				CLANG_ENABLE_MODULES = YES;
				CODE_SIGN_STYLE = Automatic;
				DEFINES_MODULE = YES;
				DEVELOPMENT_TEAM = GKNHX9R5U2;
				DYLIB_COMPATIBILITY_VERSION = 1;
				DYLIB_CURRENT_VERSION = 1;
				DYLIB_INSTALL_NAME_BASE = "@rpath";
				INFOPLIST_FILE = Tarte/Info.plist;
				INSTALL_PATH = "$(LOCAL_LIBRARY_DIR)/Frameworks";
				IPHONEOS_DEPLOYMENT_TARGET = 8.0;
				LD_RUNPATH_SEARCH_PATHS = (
					"$(inherited)",
					"@executable_path/Frameworks",
					"@loader_path/Frameworks",
				);
				PRODUCT_BUNDLE_IDENTIFIER = com.ntnmrndn.Tarte;
				PRODUCT_NAME = "$(TARGET_NAME:c99extidentifier)";
				SKIP_INSTALL = YES;
				SWIFT_OPTIMIZATION_LEVEL = "-Onone";
				SWIFT_VERSION = 5.0;
				TARGETED_DEVICE_FAMILY = "1,2";
			};
			name = Debug;
		};
		FC1BEE9824BFFE10009D5347 /* Release */ = {
			isa = XCBuildConfiguration;
			buildSettings = {
				CLANG_ENABLE_MODULES = YES;
				CODE_SIGN_STYLE = Automatic;
				DEFINES_MODULE = YES;
				DEVELOPMENT_TEAM = GKNHX9R5U2;
				DYLIB_COMPATIBILITY_VERSION = 1;
				DYLIB_CURRENT_VERSION = 1;
				DYLIB_INSTALL_NAME_BASE = "@rpath";
				INFOPLIST_FILE = Tarte/Info.plist;
				INSTALL_PATH = "$(LOCAL_LIBRARY_DIR)/Frameworks";
				IPHONEOS_DEPLOYMENT_TARGET = 8.0;
				LD_RUNPATH_SEARCH_PATHS = (
					"$(inherited)",
					"@executable_path/Frameworks",
					"@loader_path/Frameworks",
				);
				PRODUCT_BUNDLE_IDENTIFIER = com.ntnmrndn.Tarte;
				PRODUCT_NAME = "$(TARGET_NAME:c99extidentifier)";
				SKIP_INSTALL = YES;
				SWIFT_VERSION = 5.0;
				TARGETED_DEVICE_FAMILY = "1,2";
			};
			name = Release;
		};
		FC1BEE9A24BFFE10009D5347 /* Debug */ = {
			isa = XCBuildConfiguration;
			buildSettings = {
				ALWAYS_EMBED_SWIFT_STANDARD_LIBRARIES = YES;
				CODE_SIGN_STYLE = Automatic;
				DEVELOPMENT_TEAM = GKNHX9R5U2;
				INFOPLIST_FILE = TarteTests/Info.plist;
				LD_RUNPATH_SEARCH_PATHS = (
					"$(inherited)",
					"@executable_path/Frameworks",
					"@loader_path/Frameworks",
				);
				PRODUCT_BUNDLE_IDENTIFIER = com.ntnmrndn.TarteTests;
				PRODUCT_NAME = "$(TARGET_NAME)";
				SWIFT_VERSION = 5.0;
				TARGETED_DEVICE_FAMILY = "1,2";
			};
			name = Debug;
		};
		FC1BEE9B24BFFE10009D5347 /* Release */ = {
			isa = XCBuildConfiguration;
			buildSettings = {
				ALWAYS_EMBED_SWIFT_STANDARD_LIBRARIES = YES;
				CODE_SIGN_STYLE = Automatic;
				DEVELOPMENT_TEAM = GKNHX9R5U2;
				INFOPLIST_FILE = TarteTests/Info.plist;
				LD_RUNPATH_SEARCH_PATHS = (
					"$(inherited)",
					"@executable_path/Frameworks",
					"@loader_path/Frameworks",
				);
				PRODUCT_BUNDLE_IDENTIFIER = com.ntnmrndn.TarteTests;
				PRODUCT_NAME = "$(TARGET_NAME)";
				SWIFT_VERSION = 5.0;
				TARGETED_DEVICE_FAMILY = "1,2";
			};
			name = Release;
		};
/* End XCBuildConfiguration section */

/* Begin XCConfigurationList section */
		FC1BEE7C24BFFE10009D5347 /* Build configuration list for PBXProject "Tarte" */ = {
			isa = XCConfigurationList;
			buildConfigurations = (
				FC1BEE9424BFFE10009D5347 /* Debug */,
				FC1BEE9524BFFE10009D5347 /* Release */,
			);
			defaultConfigurationIsVisible = 0;
			defaultConfigurationName = Release;
		};
		FC1BEE9624BFFE10009D5347 /* Build configuration list for PBXNativeTarget "Tarte" */ = {
			isa = XCConfigurationList;
			buildConfigurations = (
				FC1BEE9724BFFE10009D5347 /* Debug */,
				FC1BEE9824BFFE10009D5347 /* Release */,
			);
			defaultConfigurationIsVisible = 0;
			defaultConfigurationName = Release;
		};
		FC1BEE9924BFFE10009D5347 /* Build configuration list for PBXNativeTarget "TarteTests" */ = {
			isa = XCConfigurationList;
			buildConfigurations = (
				FC1BEE9A24BFFE10009D5347 /* Debug */,
				FC1BEE9B24BFFE10009D5347 /* Release */,
			);
			defaultConfigurationIsVisible = 0;
			defaultConfigurationName = Release;
		};
/* End XCConfigurationList section */
	};
	rootObject = FC1BEE7924BFFE10009D5347 /* Project object */;
}
